Microsoft Visual Studio Solution File, Format Version 12.00
# Visual Studio Version 17
VisualStudioVersion = 17.5.2.0
MinimumVisualStudioVersion = 10.0.40219.1
Project("{2150E333-8FDC-42A3-9474-1A3956D46DE8}") = "src", "src", "{827E0CD3-B72D-47B6-A68D-7590B98EB39B}"
EndProject
Project("{2150E333-8FDC-42A3-9474-1A3956D46DE8}") = "Common", "Common", "{BFF2DF6E-AA54-47C7-211F-79ACCBB4577C}"
EndProject
Project("{2150E333-8FDC-42A3-9474-1A3956D46DE8}") = "WCFCode", "WCFCode", "{FF094EFD-3277-751E-B4F3-8A07CBD57CB2}"
EndProject
Project("{FAE04EC0-301F-11D3-BF4B-00C04F79EFBC}") = "SyntaxTreeDemo", "src\Common\WCFCode\SyntaxTreeDemo\SyntaxTreeDemo.csproj", "{571D25D0-F928-BDC7-F827-533B3B1FAE7A}"
EndProject
Project("{FAE04EC0-301F-11D3-BF4B-00C04F79EFBC}") = "c#class", "src\Common\WCFCode\c#class\c#class.csproj", "{9729EDC1-0A23-0A40-3B64-0FEB33A6F1E8}"
EndProject
Project("{FAE04EC0-301F-11D3-BF4B-00C04F79EFBC}") = "xyz.Data", "xyz.Data\xyz.Data.csproj", "{CCBAA50B-DF9A-432C-8DC1-E5332AD549C0}"
EndProject
Project("{FAE04EC0-301F-11D3-BF4B-00C04F79EFBC}") = "xyz.Server", "xyz.Server\xyz.Server.csproj", "{4406A04D-C0FE-4965-9E51-EF81316C7667}"
EndProject
Project("{FAE04EC0-301F-11D3-BF4B-00C04F79EFBC}") = "xyz.bll", "xyz.bll\xyz.bll.csproj", "{2BF10B46-3A2D-45D0-9412-A573AF11E074}"
EndProject
Project("{FAE04EC0-301F-11D3-BF4B-00C04F79EFBC}") = "xyz.Shared", "xyz.Shared\xyz.Shared.csproj", "{DC8FDE99-720A-4EAA-80A3-2FE486DA7FE4}"
EndProject
Global
	GlobalSection(SolutionConfigurationPlatforms) = preSolution
		Debug|Any CPU = Debug|Any CPU
		Release|Any CPU = Release|Any CPU
	EndGlobalSection
	GlobalSection(ProjectConfigurationPlatforms) = postSolution
		{571D25D0-F928-BDC7-F827-533B3B1FAE7A}.Debug|Any CPU.ActiveCfg = Debug|Any CPU
		{571D25D0-F928-BDC7-F827-533B3B1FAE7A}.Debug|Any CPU.Build.0 = Debug|Any CPU
		{571D25D0-F928-BDC7-F827-533B3B1FAE7A}.Release|Any CPU.ActiveCfg = Release|Any CPU
		{571D25D0-F928-BDC7-F827-533B3B1FAE7A}.Release|Any CPU.Build.0 = Release|Any CPU
		{9729EDC1-0A23-0A40-3B64-0FEB33A6F1E8}.Debug|Any CPU.ActiveCfg = Debug|Any CPU
		{9729EDC1-0A23-0A40-3B64-0FEB33A6F1E8}.Debug|Any CPU.Build.0 = Debug|Any CPU
		{9729EDC1-0A23-0A40-3B64-0FEB33A6F1E8}.Release|Any CPU.ActiveCfg = Release|Any CPU
		{9729EDC1-0A23-0A40-3B64-0FEB33A6F1E8}.Release|Any CPU.Build.0 = Release|Any CPU
		{CCBAA50B-DF9A-432C-8DC1-E5332AD549C0}.Debug|Any CPU.ActiveCfg = Debug|Any CPU
		{CCBAA50B-DF9A-432C-8DC1-E5332AD549C0}.Debug|Any CPU.Build.0 = Debug|Any CPU
		{CCBAA50B-DF9A-432C-8DC1-E5332AD549C0}.Release|Any CPU.ActiveCfg = Release|Any CPU
		{CCBAA50B-DF9A-432C-8DC1-E5332AD549C0}.Release|Any CPU.Build.0 = Release|Any CPU
		{4406A04D-C0FE-4965-9E51-EF81316C7667}.Debug|Any CPU.ActiveCfg = Debug|Any CPU
		{4406A04D-C0FE-4965-9E51-EF81316C7667}.Debug|Any CPU.Build.0 = Debug|Any CPU
		{4406A04D-C0FE-4965-9E51-EF81316C7667}.Release|Any CPU.ActiveCfg = Release|Any CPU
		{4406A04D-C0FE-4965-9E51-EF81316C7667}.Release|Any CPU.Build.0 = Release|Any CPU
		{2BF10B46-3A2D-45D0-9412-A573AF11E074}.Debug|Any CPU.ActiveCfg = Debug|Any CPU
		{2BF10B46-3A2D-45D0-9412-A573AF11E074}.Debug|Any CPU.Build.0 = Debug|Any CPU
		{2BF10B46-3A2D-45D0-9412-A573AF11E074}.Release|Any CPU.ActiveCfg = Release|Any CPU
		{2BF10B46-3A2D-45D0-9412-A573AF11E074}.Release|Any CPU.Build.0 = Release|Any CPU
		{DC8FDE99-720A-4EAA-80A3-2FE486DA7FE4}.Debug|Any CPU.ActiveCfg = Debug|Any CPU
		{DC8FDE99-720A-4EAA-80A3-2FE486DA7FE4}.Debug|Any CPU.Build.0 = Debug|Any CPU
		{DC8FDE99-720A-4EAA-80A3-2FE486DA7FE4}.Release|Any CPU.ActiveCfg = Release|Any CPU
		{DC8FDE99-720A-4EAA-80A3-2FE486DA7FE4}.Release|Any CPU.Build.0 = Release|Any CPU
	EndGlobalSection
	GlobalSection(SolutionProperties) = preSolution
		HideSolutionNode = FALSE
	EndGlobalSection
	GlobalSection(NestedProjects) = preSolution
		{BFF2DF6E-AA54-47C7-211F-79ACCBB4577C} = {827E0CD3-B72D-47B6-A68D-7590B98EB39B}
		{FF094EFD-3277-751E-B4F3-8A07CBD57CB2} = {BFF2DF6E-AA54-47C7-211F-79ACCBB4577C}
		{571D25D0-F928-BDC7-F827-533B3B1FAE7A} = {FF094EFD-3277-751E-B4F3-8A07CBD57CB2}
		{9729EDC1-0A23-0A40-3B64-0FEB33A6F1E8} = {FF094EFD-3277-751E-B4F3-8A07CBD57CB2}
		{CCBAA50B-DF9A-432C-8DC1-E5332AD549C0} = {827E0CD3-B72D-47B6-A68D-7590B98EB39B}
		{4406A04D-C0FE-4965-9E51-EF81316C7667} = {827E0CD3-B72D-47B6-A68D-7590B98EB39B}
		{2BF10B46-3A2D-45D0-9412-A573AF11E074} = {827E0CD3-B72D-47B6-A68D-7590B98EB39B}
		{DC8FDE99-720A-4EAA-80A3-2FE486DA7FE4} = {827E0CD3-B72D-47B6-A68D-7590B98EB39B}
	EndGlobalSection
	GlobalSection(ExtensibilityGlobals) = postSolution
		SolutionGuid = {5A9395B3-CDB4-4100-AC41-97CC88AB8D67}
	EndGlobalSection
EndGlobal
